<?xml version="1.0" encoding="utf-8"?>
<Project ToolsVersion="4.0" xmlns="http://schemas.microsoft.com/developer/msbuild/2003">
  <ItemGroup>
    <Filter Include="Source Files">
      <UniqueIdentifier>{4FC737F1-C7A5-4376-A066-2A32D752A2FF}</UniqueIdentifier>
      <Extensions>cpp;c;cc;cxx;def;odl;idl;hpj;bat;asm;asmx</Extensions>
    </Filter>
    <Filter Include="Header Files">
      <UniqueIdentifier>{93995380-89BD-4b04-88EB-625FBE52EBFB}</UniqueIdentifier>
      <Extensions>h;hpp;hxx;hm;inl;inc;xsd</Extensions>
    </Filter>
    <Filter Include="Shader Files">
      <UniqueIdentifier>{ee8320d8-be26-4b96-a452-871b15f0c461}</UniqueIdentifier>
    </Filter>
    <Filter Include="Header Wrappers">
      <UniqueIdentifier>{d19b7e94-1562-46b4-a8c9-026fd787a351}</UniqueIdentifier>
    </Filter>
  </ItemGroup>
  <ItemGroup>
    <ClInclude Include="..\src\common.h">
      <Filter>Header Files</Filter>
    </ClInclude>
    <ClInclude Include="..\src\hot.h">
      <Filter>Header Files</Filter>
    </ClInclude>
    <ClInclude Include="..\src\quotes.h">
      <Filter>Header Files</Filter>
    </ClInclude>
    <ClInclude Include="..\src\shader.h">
      <Filter>Header Files</Filter>
    </ClInclude>
    <ClInclude Include="..\src\matrix.h">
      <Filter>Header Files</Filter>
    </ClInclude>
    <ClInclude Include="..\src\vector.h">
      <Filter>Header Files</Filter>
    </ClInclude>
    <ClInclude Include="..\src\planet.h">
      <Filter>Header Files</Filter>
    </ClInclude>
    <ClInclude Include="..\wrap\windows.h">
      <Filter>Header Wrappers</Filter>
    </ClInclude>
    <ClInclude Include="..\wrap\math.h">
      <Filter>Header Wrappers</Filter>
    </ClInclude>
    <ClInclude Include="..\wrap\dirent.h">
      <Filter>Header Wrappers</Filter>
    </ClInclude>
  </ItemGroup>
  <ItemGroup>
    <None Include="..\shd\draw.frag">
      <Filter>Shader Files</Filter>
    </None>
    <None Include="..\shd\draw.vert">
      <Filter>Shader Files</Filter>
    </None>
  </ItemGroup>
  <ItemGroup>
    <ClCompile Include="..\src\hot.c">
      <Filter>Source Files</Filter>
    </ClCompile>
    <ClCompile Include="..\src\main.c">
      <Filter>Source Files</Filter>
    </ClCompile>
    <ClCompile Include="..\src\quotes.c">
      <Filter>Source Files</Filter>
    </ClCompile>
    <ClCompile Include="..\src\shader.c">
      <Filter>Source Files</Filter>
    </ClCompile>
    <ClCompile Include="..\src\matrix.c">
      <Filter>Source Files</Filter>
    </ClCompile>
    <ClCompile Include="..\src\vector.c">
      <Filter>Source Files</Filter>
    </ClCompile>
    <ClCompile Include="..\src\planet.c">
      <Filter>Source Files</Filter>
    </ClCompile>
  </ItemGroup>
</Project>